
Microsoft Visual Studio Solution File, Format Version 12.00
# Visual Studio Version 17
VisualStudioVersion = 17.11.35303.130
MinimumVisualStudioVersion = 10.0.40219.1
Project("{9A19103F-16F7-4668-BE54-9A1E7A4F7556}") = "ClassLibrary", "ClassLibrary.csproj", "{58268C8A-2172-4020-B10D-4F45F6AC1611}"
EndProject
Global
	GlobalSection(SolutionConfigurationPlatforms) = preSolution
		Debug|Any CPU = Debug|Any CPU
		Release|Any CPU = Release|Any CPU
	EndGlobalSection
	GlobalSection(ProjectConfigurationPlatforms) = postSolution
		{58268C8A-2172-4020-B10D-4F45F6AC1611}.Debug|Any CPU.ActiveCfg = Debug|Any CPU
		{58268C8A-2172-4020-B10D-4F45F6AC1611}.Debug|Any CPU.Build.0 = Debug|Any CPU
		{58268C8A-2172-4020-B10D-4F45F6AC1611}.Release|Any CPU.ActiveCfg = Release|Any CPU
		{58268C8A-2172-4020-B10D-4F45F6AC1611}.Release|Any CPU.Build.0 = Release|Any CPU
	EndGlobalSection
	GlobalSection(SolutionProperties) = preSolution
		HideSolutionNode = FALSE
	EndGlobalSection
	GlobalSection(ExtensibilityGlobals) = postSolution
		SolutionGuid = {7213AC6C-75C1-4052-BE0E-EFD879C89F4A}
	EndGlobalSection
EndGlobal
